
Microsoft Visual Studio Solution File, Format Version 12.00
# Visual Studio Version 17
VisualStudioVersion = 17.0.31903.59
MinimumVisualStudioVersion = 10.0.40219.1
Project("{2150E333-8FDC-42A3-9474-1A3956D46DE8}") = "src", "src", "{827E0CD3-B72D-47B6-A68D-7590B98EB39B}"
EndProject
Project("{FAE04EC0-301F-11D3-BF4B-00C04F79EFBC}") = "Aprs.Core", "src\Aprs.Core\Aprs.Core.csproj", "{7D35A990-C965-409F-81F8-33AE40122DE3}"
EndProject
Project("{FAE04EC0-301F-11D3-BF4B-00C04F79EFBC}") = "Aprs.Transport", "src\Aprs.Transport\Aprs.Transport.csproj", "{A5491C5C-5551-4174-8557-8513F0BB67C6}"
EndProject
Project("{FAE04EC0-301F-11D3-BF4B-00C04F79EFBC}") = "Aprs.Services", "src\Aprs.Services\Aprs.Services.csproj", "{DFDD4449-9412-4AAB-B254-F29E94BD2E32}"
EndProject
Project("{FAE04EC0-301F-11D3-BF4B-00C04F79EFBC}") = "Aprs.Mapping", "src\Aprs.Mapping\Aprs.Mapping.csproj", "{83DC2F48-F05E-4D9B-BFEA-B3BA18496099}"
EndProject
Project("{FAE04EC0-301F-11D3-BF4B-00C04F79EFBC}") = "Aprs.Desktop", "src\Aprs.Desktop\Aprs.Desktop.csproj", "{D05C08AB-AD86-40EF-819A-67EAA57F5CE6}"
EndProject
Project("{2150E333-8FDC-42A3-9474-1A3956D46DE8}") = "tests", "tests", "{0AB3BF05-4346-4AA6-1389-037BE0695223}"
EndProject
Project("{FAE04EC0-301F-11D3-BF4B-00C04F79EFBC}") = "Aprs.Tests", "tests\Aprs.Tests\Aprs.Tests.csproj", "{D0254053-1846-4C4B-8E4F-AE7987913193}"
EndProject
Project("{FAE04EC0-301F-11D3-BF4B-00C04F79EFBC}") = "AprsCommand.Contracts", "src\AprsCommand.Contracts\AprsCommand.Contracts.csproj", "{5DD529AA-EDEA-40E4-961C-14B0B02D09F9}"
EndProject
Project("{FAE04EC0-301F-11D3-BF4B-00C04F79EFBC}") = "AprsCommand.Api", "src\AprsCommand.Api\AprsCommand.Api.csproj", "{D4770FD1-395D-46C9-8D9F-C2477C1141CE}"
EndProject
Global
	GlobalSection(SolutionConfigurationPlatforms) = preSolution
		Debug|Any CPU = Debug|Any CPU
		Debug|x64 = Debug|x64
		Debug|x86 = Debug|x86
		Release|Any CPU = Release|Any CPU
		Release|x64 = Release|x64
		Release|x86 = Release|x86
	EndGlobalSection
	GlobalSection(ProjectConfigurationPlatforms) = postSolution
		{7D35A990-C965-409F-81F8-33AE40122DE3}.Debug|Any CPU.ActiveCfg = Debug|Any CPU
		{7D35A990-C965-409F-81F8-33AE40122DE3}.Debug|Any CPU.Build.0 = Debug|Any CPU
		{7D35A990-C965-409F-81F8-33AE40122DE3}.Debug|x64.ActiveCfg = Debug|Any CPU
		{7D35A990-C965-409F-81F8-33AE40122DE3}.Debug|x64.Build.0 = Debug|Any CPU
		{7D35A990-C965-409F-81F8-33AE40122DE3}.Debug|x86.ActiveCfg = Debug|Any CPU
		{7D35A990-C965-409F-81F8-33AE40122DE3}.Debug|x86.Build.0 = Debug|Any CPU
		{7D35A990-C965-409F-81F8-33AE40122DE3}.Release|Any CPU.ActiveCfg = Release|Any CPU
		{7D35A990-C965-409F-81F8-33AE40122DE3}.Release|Any CPU.Build.0 = Release|Any CPU
		{7D35A990-C965-409F-81F8-33AE40122DE3}.Release|x64.ActiveCfg = Release|Any CPU
		{7D35A990-C965-409F-81F8-33AE40122DE3}.Release|x64.Build.0 = Release|Any CPU
		{7D35A990-C965-409F-81F8-33AE40122DE3}.Release|x86.ActiveCfg = Release|Any CPU
		{7D35A990-C965-409F-81F8-33AE40122DE3}.Release|x86.Build.0 = Release|Any CPU
		{A5491C5C-5551-4174-8557-8513F0BB67C6}.Debug|Any CPU.ActiveCfg = Debug|Any CPU
		{A5491C5C-5551-4174-8557-8513F0BB67C6}.Debug|Any CPU.Build.0 = Debug|Any CPU
		{A5491C5C-5551-4174-8557-8513F0BB67C6}.Debug|x64.ActiveCfg = Debug|Any CPU
		{A5491C5C-5551-4174-8557-8513F0BB67C6}.Debug|x64.Build.0 = Debug|Any CPU
		{A5491C5C-5551-4174-8557-8513F0BB67C6}.Debug|x86.ActiveCfg = Debug|Any CPU
		{A5491C5C-5551-4174-8557-8513F0BB67C6}.Debug|x86.Build.0 = Debug|Any CPU
		{A5491C5C-5551-4174-8557-8513F0BB67C6}.Release|Any CPU.ActiveCfg = Release|Any CPU
		{A5491C5C-5551-4174-8557-8513F0BB67C6}.Release|Any CPU.Build.0 = Release|Any CPU
		{A5491C5C-5551-4174-8557-8513F0BB67C6}.Release|x64.ActiveCfg = Release|Any CPU
		{A5491C5C-5551-4174-8557-8513F0BB67C6}.Release|x64.Build.0 = Release|Any CPU
		{A5491C5C-5551-4174-8557-8513F0BB67C6}.Release|x86.ActiveCfg = Release|Any CPU
		{A5491C5C-5551-4174-8557-8513F0BB67C6}.Release|x86.Build.0 = Release|Any CPU
		{DFDD4449-9412-4AAB-B254-F29E94BD2E32}.Debug|Any CPU.ActiveCfg = Debug|Any CPU
		{DFDD4449-9412-4AAB-B254-F29E94BD2E32}.Debug|Any CPU.Build.0 = Debug|Any CPU
		{DFDD4449-9412-4AAB-B254-F29E94BD2E32}.Debug|x64.ActiveCfg = Debug|Any CPU
		{DFDD4449-9412-4AAB-B254-F29E94BD2E32}.Debug|x64.Build.0 = Debug|Any CPU
		{DFDD4449-9412-4AAB-B254-F29E94BD2E32}.Debug|x86.ActiveCfg = Debug|Any CPU
		{DFDD4449-9412-4AAB-B254-F29E94BD2E32}.Debug|x86.Build.0 = Debug|Any CPU
		{DFDD4449-9412-4AAB-B254-F29E94BD2E32}.Release|Any CPU.ActiveCfg = Release|Any CPU
		{DFDD4449-9412-4AAB-B254-F29E94BD2E32}.Release|Any CPU.Build.0 = Release|Any CPU
		{DFDD4449-9412-4AAB-B254-F29E94BD2E32}.Release|x64.ActiveCfg = Release|Any CPU
		{DFDD4449-9412-4AAB-B254-F29E94BD2E32}.Release|x64.Build.0 = Release|Any CPU
		{DFDD4449-9412-4AAB-B254-F29E94BD2E32}.Release|x86.ActiveCfg = Release|Any CPU
		{DFDD4449-9412-4AAB-B254-F29E94BD2E32}.Release|x86.Build.0 = Release|Any CPU
		{83DC2F48-F05E-4D9B-BFEA-B3BA18496099}.Debug|Any CPU.ActiveCfg = Debug|Any CPU
		{83DC2F48-F05E-4D9B-BFEA-B3BA18496099}.Debug|Any CPU.Build.0 = Debug|Any CPU
		{83DC2F48-F05E-4D9B-BFEA-B3BA18496099}.Debug|x64.ActiveCfg = Debug|Any CPU
		{83DC2F48-F05E-4D9B-BFEA-B3BA18496099}.Debug|x64.Build.0 = Debug|Any CPU
		{83DC2F48-F05E-4D9B-BFEA-B3BA18496099}.Debug|x86.ActiveCfg = Debug|Any CPU
		{83DC2F48-F05E-4D9B-BFEA-B3BA18496099}.Debug|x86.Build.0 = Debug|Any CPU
		{83DC2F48-F05E-4D9B-BFEA-B3BA18496099}.Release|Any CPU.ActiveCfg = Release|Any CPU
		{83DC2F48-F05E-4D9B-BFEA-B3BA18496099}.Release|Any CPU.Build.0 = Release|Any CPU
		{83DC2F48-F05E-4D9B-BFEA-B3BA18496099}.Release|x64.ActiveCfg = Release|Any CPU
		{83DC2F48-F05E-4D9B-BFEA-B3BA18496099}.Release|x64.Build.0 = Release|Any CPU
		{83DC2F48-F05E-4D9B-BFEA-B3BA18496099}.Release|x86.ActiveCfg = Release|Any CPU
		{83DC2F48-F05E-4D9B-BFEA-B3BA18496099}.Release|x86.Build.0 = Release|Any CPU
		{D05C08AB-AD86-40EF-819A-67EAA57F5CE6}.Debug|Any CPU.ActiveCfg = Debug|Any CPU
		{D05C08AB-AD86-40EF-819A-67EAA57F5CE6}.Debug|Any CPU.Build.0 = Debug|Any CPU
		{D05C08AB-AD86-40EF-819A-67EAA57F5CE6}.Debug|x64.ActiveCfg = Debug|Any CPU
		{D05C08AB-AD86-40EF-819A-67EAA57F5CE6}.Debug|x64.Build.0 = Debug|Any CPU
		{D05C08AB-AD86-40EF-819A-67EAA57F5CE6}.Debug|x86.ActiveCfg = Debug|Any CPU
		{D05C08AB-AD86-40EF-819A-67EAA57F5CE6}.Debug|x86.Build.0 = Debug|Any CPU
		{D05C08AB-AD86-40EF-819A-67EAA57F5CE6}.Release|Any CPU.ActiveCfg = Release|Any CPU
		{D05C08AB-AD86-40EF-819A-67EAA57F5CE6}.Release|Any CPU.Build.0 = Release|Any CPU
		{D05C08AB-AD86-40EF-819A-67EAA57F5CE6}.Release|x64.ActiveCfg = Release|Any CPU
		{D05C08AB-AD86-40EF-819A-67EAA57F5CE6}.Release|x64.Build.0 = Release|Any CPU
		{D05C08AB-AD86-40EF-819A-67EAA57F5CE6}.Release|x86.ActiveCfg = Release|Any CPU
		{D05C08AB-AD86-40EF-819A-67EAA57F5CE6}.Release|x86.Build.0 = Release|Any CPU
		{D0254053-1846-4C4B-8E4F-AE7987913193}.Debug|Any CPU.ActiveCfg = Debug|Any CPU
		{D0254053-1846-4C4B-8E4F-AE7987913193}.Debug|Any CPU.Build.0 = Debug|Any CPU
		{D0254053-1846-4C4B-8E4F-AE7987913193}.Debug|x64.ActiveCfg = Debug|Any CPU
		{D0254053-1846-4C4B-8E4F-AE7987913193}.Debug|x64.Build.0 = Debug|Any CPU
		{D0254053-1846-4C4B-8E4F-AE7987913193}.Debug|x86.ActiveCfg = Debug|Any CPU
		{D0254053-1846-4C4B-8E4F-AE7987913193}.Debug|x86.Build.0 = Debug|Any CPU
		{D0254053-1846-4C4B-8E4F-AE7987913193}.Release|Any CPU.ActiveCfg = Release|Any CPU
		{D0254053-1846-4C4B-8E4F-AE7987913193}.Release|Any CPU.Build.0 = Release|Any CPU
		{D0254053-1846-4C4B-8E4F-AE7987913193}.Release|x64.ActiveCfg = Release|Any CPU
		{D0254053-1846-4C4B-8E4F-AE7987913193}.Release|x64.Build.0 = Release|Any CPU
		{D0254053-1846-4C4B-8E4F-AE7987913193}.Release|x86.ActiveCfg = Release|Any CPU
		{D0254053-1846-4C4B-8E4F-AE7987913193}.Release|x86.Build.0 = Release|Any CPU
		{5DD529AA-EDEA-40E4-961C-14B0B02D09F9}.Debug|Any CPU.ActiveCfg = Debug|Any CPU
		{5DD529AA-EDEA-40E4-961C-14B0B02D09F9}.Debug|Any CPU.Build.0 = Debug|Any CPU
		{5DD529AA-EDEA-40E4-961C-14B0B02D09F9}.Debug|x64.ActiveCfg = Debug|Any CPU
		{5DD529AA-EDEA-40E4-961C-14B0B02D09F9}.Debug|x64.Build.0 = Debug|Any CPU
		{5DD529AA-EDEA-40E4-961C-14B0B02D09F9}.Debug|x86.ActiveCfg = Debug|Any CPU
		{5DD529AA-EDEA-40E4-961C-14B0B02D09F9}.Debug|x86.Build.0 = Debug|Any CPU
		{5DD529AA-EDEA-40E4-961C-14B0B02D09F9}.Release|Any CPU.ActiveCfg = Release|Any CPU
		{5DD529AA-EDEA-40E4-961C-14B0B02D09F9}.Release|Any CPU.Build.0 = Release|Any CPU
		{5DD529AA-EDEA-40E4-961C-14B0B02D09F9}.Release|x64.ActiveCfg = Release|Any CPU
		{5DD529AA-EDEA-40E4-961C-14B0B02D09F9}.Release|x64.Build.0 = Release|Any CPU
		{5DD529AA-EDEA-40E4-961C-14B0B02D09F9}.Release|x86.ActiveCfg = Release|Any CPU
		{5DD529AA-EDEA-40E4-961C-14B0B02D09F9}.Release|x86.Build.0 = Release|Any CPU
		{D4770FD1-395D-46C9-8D9F-C2477C1141CE}.Debug|Any CPU.ActiveCfg = Debug|Any CPU
		{D4770FD1-395D-46C9-8D9F-C2477C1141CE}.Debug|Any CPU.Build.0 = Debug|Any CPU
		{D4770FD1-395D-46C9-8D9F-C2477C1141CE}.Debug|x64.ActiveCfg = Debug|Any CPU
		{D4770FD1-395D-46C9-8D9F-C2477C1141CE}.Debug|x64.Build.0 = Debug|Any CPU
		{D4770FD1-395D-46C9-8D9F-C2477C1141CE}.Debug|x86.ActiveCfg = Debug|Any CPU
		{D4770FD1-395D-46C9-8D9F-C2477C1141CE}.Debug|x86.Build.0 = Debug|Any CPU
		{D4770FD1-395D-46C9-8D9F-C2477C1141CE}.Release|Any CPU.ActiveCfg = Release|Any CPU
		{D4770FD1-395D-46C9-8D9F-C2477C1141CE}.Release|Any CPU.Build.0 = Release|Any CPU
		{D4770FD1-395D-46C9-8D9F-C2477C1141CE}.Release|x64.ActiveCfg = Release|Any CPU
		{D4770FD1-395D-46C9-8D9F-C2477C1141CE}.Release|x64.Build.0 = Release|Any CPU
		{D4770FD1-395D-46C9-8D9F-C2477C1141CE}.Release|x86.ActiveCfg = Release|Any CPU
		{D4770FD1-395D-46C9-8D9F-C2477C1141CE}.Release|x86.Build.0 = Release|Any CPU
	EndGlobalSection
	GlobalSection(SolutionProperties) = preSolution
		HideSolutionNode = FALSE
	EndGlobalSection
	GlobalSection(NestedProjects) = preSolution
		{7D35A990-C965-409F-81F8-33AE40122DE3} = {827E0CD3-B72D-47B6-A68D-7590B98EB39B}
		{A5491C5C-5551-4174-8557-8513F0BB67C6} = {827E0CD3-B72D-47B6-A68D-7590B98EB39B}
		{DFDD4449-9412-4AAB-B254-F29E94BD2E32} = {827E0CD3-B72D-47B6-A68D-7590B98EB39B}
		{83DC2F48-F05E-4D9B-BFEA-B3BA18496099} = {827E0CD3-B72D-47B6-A68D-7590B98EB39B}
		{D05C08AB-AD86-40EF-819A-67EAA57F5CE6} = {827E0CD3-B72D-47B6-A68D-7590B98EB39B}
		{D0254053-1846-4C4B-8E4F-AE7987913193} = {0AB3BF05-4346-4AA6-1389-037BE0695223}
		{5DD529AA-EDEA-40E4-961C-14B0B02D09F9} = {827E0CD3-B72D-47B6-A68D-7590B98EB39B}
		{D4770FD1-395D-46C9-8D9F-C2477C1141CE} = {827E0CD3-B72D-47B6-A68D-7590B98EB39B}
	EndGlobalSection
EndGlobal
